<?xml version="1.0" encoding="utf-8"?>
<Project ToolsVersion="4.0" xmlns="http://schemas.microsoft.com/developer/msbuild/2003">
  <ItemGroup>
    <Filter Include="Source Files">
      <UniqueIdentifier>{4FC737F1-C7A5-4376-A066-2A32D752A2FF}</UniqueIdentifier>
      <Extensions>cpp;c;cc;cxx;c++;cppm;ixx;def;odl;idl;hpj;bat;asm;asmx</Extensions>
    </Filter>
    <Filter Include="Header Files">
      <UniqueIdentifier>{93995380-89BD-4b04-88EB-625FBE52EBFB}</UniqueIdentifier>
      <Extensions>h;hh;hpp;hxx;h++;hm;inl;inc;ipp;xsd</Extensions>
    </Filter>
    <Filter Include="Resource Files">
      <UniqueIdentifier>{67DA6AB6-F800-4c08-8B7A-83BB121AAD01}</UniqueIdentifier>
      <Extensions>rc;ico;cur;bmp;dlg;rc2;rct;bin;rgs;gif;jpg;jpeg;jpe;resx;tiff;tif;png;wav;mfcribbon-ms</Extensions>
    </Filter>
  </ItemGroup>
  <ItemGroup>
    <ClCompile Include="source\main_thread.cpp">
      <Filter>Source Files</Filter>
    </ClCompile>
    <ClCompile Include="source\client\hooks\minhook\hde\hde32.c">
      <Filter>Source Files</Filter>
    </ClCompile>
    <ClCompile Include="source\client\hooks\minhook\hde\hde64.c">
      <Filter>Source Files</Filter>
    </ClCompile>
    <ClCompile Include="source\client\hooks\minhook\buffer.c">
      <Filter>Source Files</Filter>
    </ClCompile>
    <ClCompile Include="source\client\hooks\minhook\hook.c">
      <Filter>Source Files</Filter>
    </ClCompile>
    <ClCompile Include="source\client\hooks\minhook\trampoline.c">
      <Filter>Source Files</Filter>
    </ClCompile>
    <ClCompile Include="source\client\hooks\hooks.cpp">
      <Filter>Source Files</Filter>
    </ClCompile>
    <ClCompile Include="source\client\features\crithack\crithack.cpp">
      <Filter>Source Files</Filter>
    </ClCompile>
    <ClCompile Include="source\client\include\checksum_md5.cpp">
      <Filter>Source Files</Filter>
    </ClCompile>
    <ClCompile Include="source\client\features\esp\esp.cpp">
      <Filter>Source Files</Filter>
    </ClCompile>
    <ClCompile Include="source\client\features\engine_prediction\engine_prediction.cpp">
      <Filter>Source Files</Filter>
    </ClCompile>
    <ClCompile Include="source\client\include\netvar_manager.cpp">
      <Filter>Source Files</Filter>
    </ClCompile>
    <ClCompile Include="source\client\include\entities.cpp">
      <Filter>Source Files</Filter>
    </ClCompile>
    <ClCompile Include="source\client\features\misc\misc.cpp">
      <Filter>Source Files</Filter>
    </ClCompile>
    <ClCompile Include="source\client\include\definitions.cpp">
      <Filter>Source Files</Filter>
    </ClCompile>
    <ClCompile Include="source\client\features\hitscan\hitscan.cpp">
      <Filter>Source Files</Filter>
    </ClCompile>
    <ClCompile Include="source\client\features\projectile_aim\projectile_aim.cpp">
      <Filter>Source Files</Filter>
    </ClCompile>
    <ClCompile Include="source\client\include\bitbuf.cpp">
      <Filter>Source Files</Filter>
    </ClCompile>
    <ClCompile Include="source\client\features\projectile_aim\movement_sim\movement_sim.cpp">
      <Filter>Source Files</Filter>
    </ClCompile>
    <ClCompile Include="source\client\features\projectile_aim\projectile_sim\projectile_sim.cpp">
      <Filter>Source Files</Filter>
    </ClCompile>
    <ClCompile Include="source\client\features\menu\input\input.cpp">
      <Filter>Source Files</Filter>
    </ClCompile>
    <ClCompile Include="source\client\features\menu\menu.cpp">
      <Filter>Source Files</Filter>
    </ClCompile>
    <ClCompile Include="source\client\features\visuals\visuals.cpp">
      <Filter>Source Files</Filter>
    </ClCompile>
    <ClCompile Include="source\client\features\backtrack\backtrack.cpp">
      <Filter>Source Files</Filter>
    </ClCompile>
    <ClCompile Include="source\client\features\automations\automations.cpp">
      <Filter>Source Files</Filter>
    </ClCompile>
    <ClCompile Include="source\client\include\json.cpp">
      <Filter>Source Files</Filter>
    </ClCompile>
    <ClCompile Include="source\client\features\seed_prediction\seed_prediction.cpp">
      <Filter>Source Files</Filter>
    </ClCompile>
    <ClCompile Include="source\client\features\game_events\game_events.cpp">
      <Filter>Source Files</Filter>
    </ClCompile>
    <ClCompile Include="source\client\features\melee\melee.cpp">
      <Filter>Source Files</Filter>
    </ClCompile>
    <ClCompile Include="source\client\features\models\models.cpp">
      <Filter>Source Files</Filter>
    </ClCompile>
    <ClCompile Include="source\client\features\cheat_detection\cheat_detection.cpp">
      <Filter>Source Files</Filter>
    </ClCompile>
    <ClCompile Include="source\client\include\tf2.cpp">
      <Filter>Source Files</Filter>
    </ClCompile>
    <ClCompile Include="source\client\include\send_webhook.cpp">
      <Filter>Source Files</Filter>
    </ClCompile>
    <ClCompile Include="source\client\include\cheater_detection.cpp">
      <Filter>Source Files</Filter>
    </ClCompile>
    <ClCompile Include="source\client\features\outlines\outlines.cpp">
      <Filter>Source Files</Filter>
    </ClCompile>
  </ItemGroup>
  <ItemGroup>
    <ClInclude Include="source\client\client.h">
      <Filter>Header Files</Filter>
    </ClInclude>
    <ClInclude Include="source\client\include\util.h">
      <Filter>Header Files</Filter>
    </ClInclude>
    <ClInclude Include="source\client\include\definitions.h">
      <Filter>Header Files</Filter>
    </ClInclude>
    <ClInclude Include="source\client\include\ctx.h">
      <Filter>Header Files</Filter>
    </ClInclude>
    <ClInclude Include="source\client\hooks\hooks.h">
      <Filter>Header Files</Filter>
    </ClInclude>
    <ClInclude Include="source\client\hooks\minhook\hde\hde32.h">
      <Filter>Header Files</Filter>
    </ClInclude>
    <ClInclude Include="source\client\hooks\minhook\hde\hde64.h">
      <Filter>Header Files</Filter>
    </ClInclude>
    <ClInclude Include="source\client\hooks\minhook\hde\pstdint.h">
      <Filter>Header Files</Filter>
    </ClInclude>
    <ClInclude Include="source\client\hooks\minhook\hde\table32.h">
      <Filter>Header Files</Filter>
    </ClInclude>
    <ClInclude Include="source\client\hooks\minhook\hde\table64.h">
      <Filter>Header Files</Filter>
    </ClInclude>
    <ClInclude Include="source\client\hooks\minhook\buffer.h">
      <Filter>Header Files</Filter>
    </ClInclude>
    <ClInclude Include="source\client\hooks\minhook\minhook.h">
      <Filter>Header Files</Filter>
    </ClInclude>
    <ClInclude Include="source\client\hooks\minhook\trampoline.h">
      <Filter>Header Files</Filter>
    </ClInclude>
    <ClInclude Include="source\client\include\render.h">
      <Filter>Header Files</Filter>
    </ClInclude>
    <ClInclude Include="source\client\include\entities.h">
      <Filter>Header Files</Filter>
    </ClInclude>
    <ClInclude Include="source\client\include\math.h">
      <Filter>Header Files</Filter>
    </ClInclude>
    <ClInclude Include="source\client\features\crithack\crithack.h">
      <Filter>Header Files</Filter>
    </ClInclude>
    <ClInclude Include="source\client\include\config.h">
      <Filter>Header Files</Filter>
    </ClInclude>
    <ClInclude Include="source\client\include\checksum_md5.h">
      <Filter>Header Files</Filter>
    </ClInclude>
    <ClInclude Include="source\client\features\esp\esp.h">
      <Filter>Header Files</Filter>
    </ClInclude>
    <ClInclude Include="source\client\features\engine_prediction\engine_prediction.h">
      <Filter>Header Files</Filter>
    </ClInclude>
    <ClInclude Include="source\client\include\netvar_manager.h">
      <Filter>Header Files</Filter>
    </ClInclude>
    <ClInclude Include="source\client\features\misc\misc.h">
      <Filter>Header Files</Filter>
    </ClInclude>
    <ClInclude Include="source\client\features\hitscan\hitscan.h">
      <Filter>Header Files</Filter>
    </ClInclude>
    <ClInclude Include="source\client\include\tf2.h">
      <Filter>Header Files</Filter>
    </ClInclude>
    <ClInclude Include="source\client\features\projectile_aim\projectile_aim.h">
      <Filter>Header Files</Filter>
    </ClInclude>
    <ClInclude Include="source\client\include\bitbuf.h">
      <Filter>Header Files</Filter>
    </ClInclude>
    <ClInclude Include="source\client\features\projectile_aim\movement_sim\movement_sim.h">
      <Filter>Header Files</Filter>
    </ClInclude>
    <ClInclude Include="source\client\features\projectile_aim\projectile_sim\projectile_sim.h">
      <Filter>Header Files</Filter>
    </ClInclude>
    <ClInclude Include="source\client\features\menu\input\input.h">
      <Filter>Header Files</Filter>
    </ClInclude>
    <ClInclude Include="source\client\features\menu\menu.h">
      <Filter>Header Files</Filter>
    </ClInclude>
    <ClInclude Include="source\client\features\visuals\visuals.h">
      <Filter>Header Files</Filter>
    </ClInclude>
    <ClInclude Include="source\client\features\backtrack\backtrack.h">
      <Filter>Header Files</Filter>
    </ClInclude>
    <ClInclude Include="source\client\features\automations\automations.h">
      <Filter>Header Files</Filter>
    </ClInclude>
    <ClInclude Include="source\client\include\json.h">
      <Filter>Header Files</Filter>
    </ClInclude>
    <ClInclude Include="source\client\features\seed_prediction\seed_prediction.h">
      <Filter>Header Files</Filter>
    </ClInclude>
    <ClInclude Include="source\client\features\game_events\game_events.h">
      <Filter>Header Files</Filter>
    </ClInclude>
    <ClInclude Include="source\client\features\melee\melee.h">
      <Filter>Header Files</Filter>
    </ClInclude>
    <ClInclude Include="source\client\features\models\models.h">
      <Filter>Header Files</Filter>
    </ClInclude>
    <ClInclude Include="source\client\features\cheat_detection\cheat_detection.h">
      <Filter>Header Files</Filter>
    </ClInclude>
    <ClInclude Include="source\client\features\outlines\outlines.h">
      <Filter>Header Files</Filter>
    </ClInclude>
    <ClInclude Include="source\client\features\menu\texture.h">
      <Filter>Header Files</Filter>
    </ClInclude>
  </ItemGroup>
</Project>